// !$*UTF8*$!
{
	archiveVersion = 1;
	classes = {
	};
	objectVersion = 50;
	objects = {

/* Begin PBXBuildFile section */
		EA5E3A33225AF17B002E8CE7 /* AppDelegate.m in Sources */ = {isa = PBXBuildFile; fileRef = EA5E3A32225AF17B002E8CE7 /* AppDelegate.m */; };
		EA5E3A36225AF17B002E8CE7 /* ViewController.m in Sources */ = {isa = PBXBuildFile; fileRef = EA5E3A35225AF17B002E8CE7 /* ViewController.m */; };
		EA5E3A39225AF17B002E8CE7 /* Main.storyboard in Resources */ = {isa = PBXBuildFile; fileRef = EA5E3A37225AF17B002E8CE7 /* Main.storyboard */; };
		EA5E3A3B225AF17C002E8CE7 /* Assets.xcassets in Resources */ = {isa = PBXBuildFile; fileRef = EA5E3A3A225AF17C002E8CE7 /* Assets.xcassets */; };
		EA5E3A3E225AF17C002E8CE7 /* LaunchScreen.storyboard in Resources */ = {isa = PBXBuildFile; fileRef = EA5E3A3C225AF17C002E8CE7 /* LaunchScreen.storyboard */; };
		EA5E3A41225AF17C002E8CE7 /* main.m in Sources */ = {isa = PBXBuildFile; fileRef = EA5E3A40225AF17C002E8CE7 /* main.m */; };
		EA5E3A4B225AF17C002E8CE7 /* AnimationTests.m in Sources */ = {isa = PBXBuildFile; fileRef = EA5E3A4A225AF17C002E8CE7 /* AnimationTests.m */; };
		EA5E3A56225AF17C002E8CE7 /* AnimationUITests.m in Sources */ = {isa = PBXBuildFile; fileRef = EA5E3A55225AF17C002E8CE7 /* AnimationUITests.m */; };
		EA5E3A65225B2F58002E8CE7 /* SCTableView.swift in Sources */ = {isa = PBXBuildFile; fileRef = EA5E3A64225B2F58002E8CE7 /* SCTableView.swift */; };
		EA5E3A67225B2F91002E8CE7 /* 309769.lrc in Resources */ = {isa = PBXBuildFile; fileRef = EA5E3A66225B2F91002E8CE7 /* 309769.lrc */; };
		EA5E3A69225B3056002E8CE7 /* SCLrcCell.swift in Sources */ = {isa = PBXBuildFile; fileRef = EA5E3A68225B3056002E8CE7 /* SCLrcCell.swift */; };
		EA5E3A6B225B3271002E8CE7 /* SCCellAnimation.swift in Sources */ = {isa = PBXBuildFile; fileRef = EA5E3A6A225B3271002E8CE7 /* SCCellAnimation.swift */; };
		EA5E3A6D225B332F002E8CE7 /* lyricsViewController.swift in Sources */ = {isa = PBXBuildFile; fileRef = EA5E3A6C225B332F002E8CE7 /* lyricsViewController.swift */; };
/* End PBXBuildFile section */

/* Begin PBXContainerItemProxy section */
		EA5E3A47225AF17C002E8CE7 /* PBXContainerItemProxy */ = {
			isa = PBXContainerItemProxy;
			containerPortal = EA5E3A26225AF17B002E8CE7 /* Project object */;
			proxyType = 1;
			remoteGlobalIDString = EA5E3A2D225AF17B002E8CE7;
			remoteInfo = Animation;
		};
		EA5E3A52225AF17C002E8CE7 /* PBXContainerItemProxy */ = {
			isa = PBXContainerItemProxy;
			containerPortal = EA5E3A26225AF17B002E8CE7 /* Project object */;
			proxyType = 1;
			remoteGlobalIDString = EA5E3A2D225AF17B002E8CE7;
			remoteInfo = Animation;
		};
/* End PBXContainerItemProxy section */

/* Begin PBXFileReference section */
		EA5E3A2E225AF17B002E8CE7 /* Animation.app */ = {isa = PBXFileReference; explicitFileType = wrapper.application; includeInIndex = 0; path = Animation.app; sourceTree = BUILT_PRODUCTS_DIR; };
		EA5E3A31225AF17B002E8CE7 /* AppDelegate.h */ = {isa = PBXFileReference; lastKnownFileType = sourcecode.c.h; path = AppDelegate.h; sourceTree = "<group>"; };
		EA5E3A32225AF17B002E8CE7 /* AppDelegate.m */ = {isa = PBXFileReference; lastKnownFileType = sourcecode.c.objc; path = AppDelegate.m; sourceTree = "<group>"; };
		EA5E3A34225AF17B002E8CE7 /* ViewController.h */ = {isa = PBXFileReference; lastKnownFileType = sourcecode.c.h; path = ViewController.h; sourceTree = "<group>"; };
		EA5E3A35225AF17B002E8CE7 /* ViewController.m */ = {isa = PBXFileReference; lastKnownFileType = sourcecode.c.objc; path = ViewController.m; sourceTree = "<group>"; };
		EA5E3A38225AF17B002E8CE7 /* Base */ = {isa = PBXFileReference; lastKnownFileType = file.storyboard; name = Base; path = Base.lproj/Main.storyboard; sourceTree = "<group>"; };
		EA5E3A3A225AF17C002E8CE7 /* Assets.xcassets */ = {isa = PBXFileReference; lastKnownFileType = folder.assetcatalog; path = Assets.xcassets; sourceTree = "<group>"; };
		EA5E3A3D225AF17C002E8CE7 /* Base */ = {isa = PBXFileReference; lastKnownFileType = file.storyboard; name = Base; path = Base.lproj/LaunchScreen.storyboard; sourceTree = "<group>"; };
		EA5E3A3F225AF17C002E8CE7 /* Info.plist */ = {isa = PBXFileReference; lastKnownFileType = text.plist.xml; path = Info.plist; sourceTree = "<group>"; };
		EA5E3A40225AF17C002E8CE7 /* main.m */ = {isa = PBXFileReference; lastKnownFileType = sourcecode.c.objc; path = main.m; sourceTree = "<group>"; };
		EA5E3A46225AF17C002E8CE7 /* AnimationTests.xctest */ = {isa = PBXFileReference; explicitFileType = wrapper.cfbundle; includeInIndex = 0; path = AnimationTests.xctest; sourceTree = BUILT_PRODUCTS_DIR; };
		EA5E3A4A225AF17C002E8CE7 /* AnimationTests.m */ = {isa = PBXFileReference; lastKnownFileType = sourcecode.c.objc; path = AnimationTests.m; sourceTree = "<group>"; };
		EA5E3A4C225AF17C002E8CE7 /* Info.plist */ = {isa = PBXFileReference; lastKnownFileType = text.plist.xml; path = Info.plist; sourceTree = "<group>"; };
		EA5E3A51225AF17C002E8CE7 /* AnimationUITests.xctest */ = {isa = PBXFileReference; explicitFileType = wrapper.cfbundle; includeInIndex = 0; path = AnimationUITests.xctest; sourceTree = BUILT_PRODUCTS_DIR; };
		EA5E3A55225AF17C002E8CE7 /* AnimationUITests.m */ = {isa = PBXFileReference; lastKnownFileType = sourcecode.c.objc; path = AnimationUITests.m; sourceTree = "<group>"; };
		EA5E3A57225AF17D002E8CE7 /* Info.plist */ = {isa = PBXFileReference; lastKnownFileType = text.plist.xml; path = Info.plist; sourceTree = "<group>"; };
		EA5E3A63225B2F58002E8CE7 /* Animation-Bridging-Header.h */ = {isa = PBXFileReference; lastKnownFileType = sourcecode.c.h; path = "Animation-Bridging-Header.h"; sourceTree = "<group>"; };
		EA5E3A64225B2F58002E8CE7 /* SCTableView.swift */ = {isa = PBXFileReference; lastKnownFileType = sourcecode.swift; path = SCTableView.swift; sourceTree = "<group>"; };
		EA5E3A66225B2F91002E8CE7 /* 309769.lrc */ = {isa = PBXFileReference; fileEncoding = 4; lastKnownFileType = text; path = 309769.lrc; sourceTree = "<group>"; };
		EA5E3A68225B3056002E8CE7 /* SCLrcCell.swift */ = {isa = PBXFileReference; lastKnownFileType = sourcecode.swift; path = SCLrcCell.swift; sourceTree = "<group>"; };
		EA5E3A6A225B3271002E8CE7 /* SCCellAnimation.swift */ = {isa = PBXFileReference; fileEncoding = 4; lastKnownFileType = sourcecode.swift; path = SCCellAnimation.swift; sourceTree = "<group>"; };
		EA5E3A6C225B332F002E8CE7 /* lyricsViewController.swift */ = {isa = PBXFileReference; lastKnownFileType = sourcecode.swift; path = lyricsViewController.swift; sourceTree = "<group>"; };
/* End PBXFileReference section */

/* Begin PBXFrameworksBuildPhase section */
		EA5E3A2B225AF17B002E8CE7 /* Frameworks */ = {
			isa = PBXFrameworksBuildPhase;
			buildActionMask = 2147483647;
			files = (
			);
			runOnlyForDeploymentPostprocessing = 0;
		};
		EA5E3A43225AF17C002E8CE7 /* Frameworks */ = {
			isa = PBXFrameworksBuildPhase;
			buildActionMask = 2147483647;
			files = (
			);
			runOnlyForDeploymentPostprocessing = 0;
		};
		EA5E3A4E225AF17C002E8CE7 /* Frameworks */ = {
			isa = PBXFrameworksBuildPhase;
			buildActionMask = 2147483647;
			files = (
			);
			runOnlyForDeploymentPostprocessing = 0;
		};
/* End PBXFrameworksBuildPhase section */

/* Begin PBXGroup section */
		EA5E3A25225AF17B002E8CE7 = {
			isa = PBXGroup;
			children = (
				EA5E3A30225AF17B002E8CE7 /* Animation */,
				EA5E3A49225AF17C002E8CE7 /* AnimationTests */,
				EA5E3A54225AF17C002E8CE7 /* AnimationUITests */,
				EA5E3A2F225AF17B002E8CE7 /* Products */,
			);
			sourceTree = "<group>";
		};
		EA5E3A2F225AF17B002E8CE7 /* Products */ = {
			isa = PBXGroup;
			children = (
				EA5E3A2E225AF17B002E8CE7 /* Animation.app */,
				EA5E3A46225AF17C002E8CE7 /* AnimationTests.xctest */,
				EA5E3A51225AF17C002E8CE7 /* AnimationUITests.xctest */,
			);
			name = Products;
			sourceTree = "<group>";
		};
		EA5E3A30225AF17B002E8CE7 /* Animation */ = {
			isa = PBXGroup;
			children = (
				EA5E3A31225AF17B002E8CE7 /* AppDelegate.h */,
				EA5E3A32225AF17B002E8CE7 /* AppDelegate.m */,
				EAE28ACB225B4481001119FF /* SongAnimation */,
				EAE28ACA225B445F001119FF /* LyricAnimation  */,
				EA5E3A37225AF17B002E8CE7 /* Main.storyboard */,
				EA5E3A3A225AF17C002E8CE7 /* Assets.xcassets */,
				EA5E3A3C225AF17C002E8CE7 /* LaunchScreen.storyboard */,
				EA5E3A3F225AF17C002E8CE7 /* Info.plist */,
				EA5E3A40225AF17C002E8CE7 /* main.m */,
				EA5E3A63225B2F58002E8CE7 /* Animation-Bridging-Header.h */,
			);
			path = Animation;
			sourceTree = "<group>";
		};
		EA5E3A49225AF17C002E8CE7 /* AnimationTests */ = {
			isa = PBXGroup;
			children = (
				EA5E3A4A225AF17C002E8CE7 /* AnimationTests.m */,
				EA5E3A4C225AF17C002E8CE7 /* Info.plist */,
			);
			path = AnimationTests;
			sourceTree = "<group>";
		};
		EA5E3A54225AF17C002E8CE7 /* AnimationUITests */ = {
			isa = PBXGroup;
			children = (
				EA5E3A55225AF17C002E8CE7 /* AnimationUITests.m */,
				EA5E3A57225AF17D002E8CE7 /* Info.plist */,
			);
			path = AnimationUITests;
			sourceTree = "<group>";
		};
		EAE28ACA225B445F001119FF /* LyricAnimation  */ = {
			isa = PBXGroup;
			children = (
				EA5E3A66225B2F91002E8CE7 /* 309769.lrc */,
				EA5E3A6C225B332F002E8CE7 /* lyricsViewController.swift */,
				EA5E3A64225B2F58002E8CE7 /* SCTableView.swift */,
				EA5E3A68225B3056002E8CE7 /* SCLrcCell.swift */,
				EA5E3A6A225B3271002E8CE7 /* SCCellAnimation.swift */,
			);
			path = "LyricAnimation ";
			sourceTree = "<group>";
		};
		EAE28ACB225B4481001119FF /* SongAnimation */ = {
			isa = PBXGroup;
			children = (
				EA5E3A34225AF17B002E8CE7 /* ViewController.h */,
				EA5E3A35225AF17B002E8CE7 /* ViewController.m */,
			);
			path = SongAnimation;
			sourceTree = "<group>";
		};
/* End PBXGroup section */

/* Begin PBXNativeTarget section */
		EA5E3A2D225AF17B002E8CE7 /* Animation */ = {
			isa = PBXNativeTarget;
			buildConfigurationList = EA5E3A5A225AF17D002E8CE7 /* Build configuration list for PBXNativeTarget "Animation" */;
			buildPhases = (
				EA5E3A2A225AF17B002E8CE7 /* Sources */,
				EA5E3A2B225AF17B002E8CE7 /* Frameworks */,
				EA5E3A2C225AF17B002E8CE7 /* Resources */,
			);
			buildRules = (
			);
			dependencies = (
			);
			name = Animation;
			productName = Animation;
			productReference = EA5E3A2E225AF17B002E8CE7 /* Animation.app */;
			productType = "com.apple.product-type.application";
		};
		EA5E3A45225AF17C002E8CE7 /* AnimationTests */ = {
			isa = PBXNativeTarget;
			buildConfigurationList = EA5E3A5D225AF17D002E8CE7 /* Build configuration list for PBXNativeTarget "AnimationTests" */;
			buildPhases = (
				EA5E3A42225AF17C002E8CE7 /* Sources */,
				EA5E3A43225AF17C002E8CE7 /* Frameworks */,
				EA5E3A44225AF17C002E8CE7 /* Resources */,
			);
			buildRules = (
			);
			dependencies = (
				EA5E3A48225AF17C002E8CE7 /* PBXTargetDependency */,
			);
			name = AnimationTests;
			productName = AnimationTests;
			productReference = EA5E3A46225AF17C002E8CE7 /* AnimationTests.xctest */;
			productType = "com.apple.product-type.bundle.unit-test";
		};
		EA5E3A50225AF17C002E8CE7 /* AnimationUITests */ = {
			isa = PBXNativeTarget;
			buildConfigurationList = EA5E3A60225AF17D002E8CE7 /* Build configuration list for PBXNativeTarget "AnimationUITests" */;
			buildPhases = (
				EA5E3A4D225AF17C002E8CE7 /* Sources */,
				EA5E3A4E225AF17C002E8CE7 /* Frameworks */,
				EA5E3A4F225AF17C002E8CE7 /* Resources */,
			);
			buildRules = (
			);
			dependencies = (
				EA5E3A53225AF17C002E8CE7 /* PBXTargetDependency */,
			);
			name = AnimationUITests;
			productName = AnimationUITests;
			productReference = EA5E3A51225AF17C002E8CE7 /* AnimationUITests.xctest */;
			productType = "com.apple.product-type.bundle.ui-testing";
		};
/* End PBXNativeTarget section */

/* Begin PBXProject section */
		EA5E3A26225AF17B002E8CE7 /* Project object */ = {
			isa = PBXProject;
			attributes = {
				LastUpgradeCheck = 1000;
				ORGANIZATIONNAME = "董志玮";
				TargetAttributes = {
					EA5E3A2D225AF17B002E8CE7 = {
						CreatedOnToolsVersion = 10.0;
						LastSwiftMigration = 1000;
					};
					EA5E3A45225AF17C002E8CE7 = {
						CreatedOnToolsVersion = 10.0;
						TestTargetID = EA5E3A2D225AF17B002E8CE7;
					};
					EA5E3A50225AF17C002E8CE7 = {
						CreatedOnToolsVersion = 10.0;
						TestTargetID = EA5E3A2D225AF17B002E8CE7;
					};
				};
			};
			buildConfigurationList = EA5E3A29225AF17B002E8CE7 /* Build configuration list for PBXProject "Animation" */;
			compatibilityVersion = "Xcode 9.3";
			developmentRegion = en;
			hasScannedForEncodings = 0;
			knownRegions = (
				en,
				Base,
			);
			mainGroup = EA5E3A25225AF17B002E8CE7;
			productRefGroup = EA5E3A2F225AF17B002E8CE7 /* Products */;
			projectDirPath = "";
			projectRoot = "";
			targets = (
				EA5E3A2D225AF17B002E8CE7 /* Animation */,
				EA5E3A45225AF17C002E8CE7 /* AnimationTests */,
				EA5E3A50225AF17C002E8CE7 /* AnimationUITests */,
			);
		};
/* End PBXProject section */

/* Begin PBXResourcesBuildPhase section */
		EA5E3A2C225AF17B002E8CE7 /* Resources */ = {
			isa = PBXResourcesBuildPhase;
			buildActionMask = 2147483647;
			files = (
				EA5E3A3E225AF17C002E8CE7 /* LaunchScreen.storyboard in Resources */,
				EA5E3A3B225AF17C002E8CE7 /* Assets.xcassets in Resources */,
				EA5E3A39225AF17B002E8CE7 /* Main.storyboard in Resources */,
				EA5E3A67225B2F91002E8CE7 /* 309769.lrc in Resources */,
			);
			runOnlyForDeploymentPostprocessing = 0;
		};
		EA5E3A44225AF17C002E8CE7 /* Resources */ = {
			isa = PBXResourcesBuildPhase;
			buildActionMask = 2147483647;
			files = (
			);
			runOnlyForDeploymentPostprocessing = 0;
		};
		EA5E3A4F225AF17C002E8CE7 /* Resources */ = {
			isa = PBXResourcesBuildPhase;
			buildActionMask = 2147483647;
			files = (
			);
			runOnlyForDeploymentPostprocessing = 0;
		};
/* End PBXResourcesBuildPhase section */

/* Begin PBXSourcesBuildPhase section */
		EA5E3A2A225AF17B002E8CE7 /* Sources */ = {
			isa = PBXSourcesBuildPhase;
			buildActionMask = 2147483647;
			files = (
				EA5E3A6B225B3271002E8CE7 /* SCCellAnimation.swift in Sources */,
				EA5E3A36225AF17B002E8CE7 /* ViewController.m in Sources */,
				EA5E3A65225B2F58002E8CE7 /* SCTableView.swift in Sources */,
				EA5E3A41225AF17C002E8CE7 /* main.m in Sources */,
				EA5E3A6D225B332F002E8CE7 /* lyricsViewController.swift in Sources */,
				EA5E3A69225B3056002E8CE7 /* SCLrcCell.swift in Sources */,
				EA5E3A33225AF17B002E8CE7 /* AppDelegate.m in Sources */,
			);
			runOnlyForDeploymentPostprocessing = 0;
		};
		EA5E3A42225AF17C002E8CE7 /* Sources */ = {
			isa = PBXSourcesBuildPhase;
			buildActionMask = 2147483647;
			files = (
				EA5E3A4B225AF17C002E8CE7 /* AnimationTests.m in Sources */,
			);
			runOnlyForDeploymentPostprocessing = 0;
		};
		EA5E3A4D225AF17C002E8CE7 /* Sources */ = {
			isa = PBXSourcesBuildPhase;
			buildActionMask = 2147483647;
			files = (
				EA5E3A56225AF17C002E8CE7 /* AnimationUITests.m in Sources */,
			);
			runOnlyForDeploymentPostprocessing = 0;
		};
/* End PBXSourcesBuildPhase section */

/* Begin PBXTargetDependency section */
		EA5E3A48225AF17C002E8CE7 /* PBXTargetDependency */ = {
			isa = PBXTargetDependency;
			target = EA5E3A2D225AF17B002E8CE7 /* Animation */;
			targetProxy = EA5E3A47225AF17C002E8CE7 /* PBXContainerItemProxy */;
		};
		EA5E3A53225AF17C002E8CE7 /* PBXTargetDependency */ = {
			isa = PBXTargetDependency;
			target = EA5E3A2D225AF17B002E8CE7 /* Animation */;
			targetProxy = EA5E3A52225AF17C002E8CE7 /* PBXContainerItemProxy */;
		};
/* End PBXTargetDependency section */

/* Begin PBXVariantGroup section */
		EA5E3A37225AF17B002E8CE7 /* Main.storyboard */ = {
			isa = PBXVariantGroup;
			children = (
				EA5E3A38225AF17B002E8CE7 /* Base */,
			);
			name = Main.storyboard;
			sourceTree = "<group>";
		};
		EA5E3A3C225AF17C002E8CE7 /* LaunchScreen.storyboard */ = {
			isa = PBXVariantGroup;
			children = (
				EA5E3A3D225AF17C002E8CE7 /* Base */,
			);
			name = LaunchScreen.storyboard;
			sourceTree = "<group>";
		};
/* End PBXVariantGroup section */

/* Begin XCBuildConfiguration section */
		EA5E3A58225AF17D002E8CE7 /* Debug */ = {
			isa = XCBuildConfiguration;
			buildSettings = {
				ALWAYS_SEARCH_USER_PATHS = NO;
				CLANG_ANALYZER_NONNULL = YES;
				CLANG_ANALYZER_NUMBER_OBJECT_CONVERSION = YES_AGGRESSIVE;
				CLANG_CXX_LANGUAGE_STANDARD = "gnu++14";
				CLANG_CXX_LIBRARY = "libc++";
				CLANG_ENABLE_MODULES = YES;
				CLANG_ENABLE_OBJC_ARC = YES;
				CLANG_ENABLE_OBJC_WEAK = YES;
				CLANG_WARN_BLOCK_CAPTURE_AUTORELEASING = YES;
				CLANG_WARN_BOOL_CONVERSION = YES;
				CLANG_WARN_COMMA = YES;
				CLANG_WARN_CONSTANT_CONVERSION = YES;
				CLANG_WARN_DEPRECATED_OBJC_IMPLEMENTATIONS = YES;
				CLANG_WARN_DIRECT_OBJC_ISA_USAGE = YES_ERROR;
				CLANG_WARN_DOCUMENTATION_COMMENTS = YES;
				CLANG_WARN_EMPTY_BODY = YES;
				CLANG_WARN_ENUM_CONVERSION = YES;
				CLANG_WARN_INFINITE_RECURSION = YES;
				CLANG_WARN_INT_CONVERSION = YES;
				CLANG_WARN_NON_LITERAL_NULL_CONVERSION = YES;
				CLANG_WARN_OBJC_IMPLICIT_RETAIN_SELF = YES;
				CLANG_WARN_OBJC_LITERAL_CONVERSION = YES;
				CLANG_WARN_OBJC_ROOT_CLASS = YES_ERROR;
				CLANG_WARN_RANGE_LOOP_ANALYSIS = YES;
				CLANG_WARN_STRICT_PROTOTYPES = YES;
				CLANG_WARN_SUSPICIOUS_MOVE = YES;
				CLANG_WARN_UNGUARDED_AVAILABILITY = YES_AGGRESSIVE;
				CLANG_WARN_UNREACHABLE_CODE = YES;
				CLANG_WARN__DUPLICATE_METHOD_MATCH = YES;
				CODE_SIGN_IDENTITY = "iPhone Developer";
				COPY_PHASE_STRIP = NO;
				DEBUG_INFORMATION_FORMAT = dwarf;
				ENABLE_STRICT_OBJC_MSGSEND = YES;
				ENABLE_TESTABILITY = YES;
				GCC_C_LANGUAGE_STANDARD = gnu11;
				GCC_DYNAMIC_NO_PIC = NO;
				GCC_NO_COMMON_BLOCKS = YES;
				GCC_OPTIMIZATION_LEVEL = 0;
				GCC_PREPROCESSOR_DEFINITIONS = (
					"DEBUG=1",
					"$(inherited)",
				);
				GCC_WARN_64_TO_32_BIT_CONVERSION = YES;
				GCC_WARN_ABOUT_RETURN_TYPE = YES_ERROR;
				GCC_WARN_UNDECLARED_SELECTOR = YES;
				GCC_WARN_UNINITIALIZED_AUTOS = YES_AGGRESSIVE;
				GCC_WARN_UNUSED_FUNCTION = YES;
				GCC_WARN_UNUSED_VARIABLE = YES;
				IPHONEOS_DEPLOYMENT_TARGET = 12.0;
				MTL_ENABLE_DEBUG_INFO = INCLUDE_SOURCE;
				MTL_FAST_MATH = YES;
				ONLY_ACTIVE_ARCH = YES;
				SDKROOT = iphoneos;
			};
			name = Debug;
		};
		EA5E3A59225AF17D002E8CE7 /* Release */ = {
			isa = XCBuildConfiguration;
			buildSettings = {
				ALWAYS_SEARCH_USER_PATHS = NO;
				CLANG_ANALYZER_NONNULL = YES;
				CLANG_ANALYZER_NUMBER_OBJECT_CONVERSION = YES_AGGRESSIVE;
				CLANG_CXX_LANGUAGE_STANDARD = "gnu++14";
				CLANG_CXX_LIBRARY = "libc++";
				CLANG_ENABLE_MODULES = YES;
				CLANG_ENABLE_OBJC_ARC = YES;
				CLANG_ENABLE_OBJC_WEAK = YES;
				CLANG_WARN_BLOCK_CAPTURE_AUTORELEASING = YES;
				CLANG_WARN_BOOL_CONVERSION = YES;
				CLANG_WARN_COMMA = YES;
				CLANG_WARN_CONSTANT_CONVERSION = YES;
				CLANG_WARN_DEPRECATED_OBJC_IMPLEMENTATIONS = YES;
				CLANG_WARN_DIRECT_OBJC_ISA_USAGE = YES_ERROR;
				CLANG_WARN_DOCUMENTATION_COMMENTS = YES;
				CLANG_WARN_EMPTY_BODY = YES;
				CLANG_WARN_ENUM_CONVERSION = YES;
				CLANG_WARN_INFINITE_RECURSION = YES;
				CLANG_WARN_INT_CONVERSION = YES;
				CLANG_WARN_NON_LITERAL_NULL_CONVERSION = YES;
				CLANG_WARN_OBJC_IMPLICIT_RETAIN_SELF = YES;
				CLANG_WARN_OBJC_LITERAL_CONVERSION = YES;
				CLANG_WARN_OBJC_ROOT_CLASS = YES_ERROR;
				CLANG_WARN_RANGE_LOOP_ANALYSIS = YES;
				CLANG_WARN_STRICT_PROTOTYPES = YES;
				CLANG_WARN_SUSPICIOUS_MOVE = YES;
				CLANG_WARN_UNGUARDED_AVAILABILITY = YES_AGGRESSIVE;
				CLANG_WARN_UNREACHABLE_CODE = YES;
				CLANG_WARN__DUPLICATE_METHOD_MATCH = YES;
				CODE_SIGN_IDENTITY = "iPhone Developer";
				COPY_PHASE_STRIP = NO;
				DEBUG_INFORMATION_FORMAT = "dwarf-with-dsym";
				ENABLE_NS_ASSERTIONS = NO;
				ENABLE_STRICT_OBJC_MSGSEND = YES;
				GCC_C_LANGUAGE_STANDARD = gnu11;
				GCC_NO_COMMON_BLOCKS = YES;
				GCC_WARN_64_TO_32_BIT_CONVERSION = YES;
				GCC_WARN_ABOUT_RETURN_TYPE = YES_ERROR;
				GCC_WARN_UNDECLARED_SELECTOR = YES;
				GCC_WARN_UNINITIALIZED_AUTOS = YES_AGGRESSIVE;
				GCC_WARN_UNUSED_FUNCTION = YES;
				GCC_WARN_UNUSED_VARIABLE = YES;
				IPHONEOS_DEPLOYMENT_TARGET = 12.0;
				MTL_ENABLE_DEBUG_INFO = NO;
				MTL_FAST_MATH = YES;
				SDKROOT = iphoneos;
				VALIDATE_PRODUCT = YES;
			};
			name = Release;
		};
		EA5E3A5B225AF17D002E8CE7 /* Debug */ = {
			isa = XCBuildConfiguration;
			buildSettings = {
				ASSETCATALOG_COMPILER_APPICON_NAME = AppIcon;
				CLANG_ENABLE_MODULES = YES;
				CODE_SIGN_STYLE = Automatic;
				DEVELOPMENT_TEAM = AXBMWZHA47;
				INFOPLIST_FILE = Animation/Info.plist;
				LD_RUNPATH_SEARCH_PATHS = (
					"$(inherited)",
					"@executable_path/Frameworks",
				);
				PRODUCT_BUNDLE_IDENTIFIER = zhiwei.Animation;
				PRODUCT_NAME = "$(TARGET_NAME)";
				SWIFT_OBJC_BRIDGING_HEADER = "Animation/Animation-Bridging-Header.h";
				SWIFT_OPTIMIZATION_LEVEL = "-Onone";
				SWIFT_VERSION = 4.2;
				TARGETED_DEVICE_FAMILY = "1,2";
			};
			name = Debug;
		};
		EA5E3A5C225AF17D002E8CE7 /* Release */ = {
			isa = XCBuildConfiguration;
			buildSettings = {
				ASSETCATALOG_COMPILER_APPICON_NAME = AppIcon;
				CLANG_ENABLE_MODULES = YES;
				CODE_SIGN_STYLE = Automatic;
				DEVELOPMENT_TEAM = AXBMWZHA47;
				INFOPLIST_FILE = Animation/Info.plist;
				LD_RUNPATH_SEARCH_PATHS = (
					"$(inherited)",
					"@executable_path/Frameworks",
				);
				PRODUCT_BUNDLE_IDENTIFIER = zhiwei.Animation;
				PRODUCT_NAME = "$(TARGET_NAME)";
				SWIFT_OBJC_BRIDGING_HEADER = "Animation/Animation-Bridging-Header.h";
				SWIFT_VERSION = 4.2;
				TARGETED_DEVICE_FAMILY = "1,2";
			};
			name = Release;
		};
		EA5E3A5E225AF17D002E8CE7 /* Debug */ = {
			isa = XCBuildConfiguration;
			buildSettings = {
				ALWAYS_EMBED_SWIFT_STANDARD_LIBRARIES = YES;
				BUNDLE_LOADER = "$(TEST_HOST)";
				CODE_SIGN_STYLE = Automatic;
				DEVELOPMENT_TEAM = AXBMWZHA47;
				INFOPLIST_FILE = AnimationTests/Info.plist;
				LD_RUNPATH_SEARCH_PATHS = (
					"$(inherited)",
					"@executable_path/Frameworks",
					"@loader_path/Frameworks",
				);
				PRODUCT_BUNDLE_IDENTIFIER = zhiwei.AnimationTests;
				PRODUCT_NAME = "$(TARGET_NAME)";
				TARGETED_DEVICE_FAMILY = "1,2";
				TEST_HOST = "$(BUILT_PRODUCTS_DIR)/Animation.app/Animation";
			};
			name = Debug;
		};
		EA5E3A5F225AF17D002E8CE7 /* Release */ = {
			isa = XCBuildConfiguration;
			buildSettings = {
				ALWAYS_EMBED_SWIFT_STANDARD_LIBRARIES = YES;
				BUNDLE_LOADER = "$(TEST_HOST)";
				CODE_SIGN_STYLE = Automatic;
				DEVELOPMENT_TEAM = AXBMWZHA47;
				INFOPLIST_FILE = AnimationTests/Info.plist;
				LD_RUNPATH_SEARCH_PATHS = (
					"$(inherited)",
					"@executable_path/Frameworks",
					"@loader_path/Frameworks",
				);
				PRODUCT_BUNDLE_IDENTIFIER = zhiwei.AnimationTests;
				PRODUCT_NAME = "$(TARGET_NAME)";
				TARGETED_DEVICE_FAMILY = "1,2";
				TEST_HOST = "$(BUILT_PRODUCTS_DIR)/Animation.app/Animation";
			};
			name = Release;
		};
		EA5E3A61225AF17D002E8CE7 /* Debug */ = {
			isa = XCBuildConfiguration;
			buildSettings = {
				ALWAYS_EMBED_SWIFT_STANDARD_LIBRARIES = YES;
				CODE_SIGN_STYLE = Automatic;
				DEVELOPMENT_TEAM = AXBMWZHA47;
				INFOPLIST_FILE = AnimationUITests/Info.plist;
				LD_RUNPATH_SEARCH_PATHS = (
					"$(inherited)",
					"@executable_path/Frameworks",
					"@loader_path/Frameworks",
				);
				PRODUCT_BUNDLE_IDENTIFIER = zhiwei.AnimationUITests;
				PRODUCT_NAME = "$(TARGET_NAME)";
				TARGETED_DEVICE_FAMILY = "1,2";
				TEST_TARGET_NAME = Animation;
			};
			name = Debug;
		};
		EA5E3A62225AF17D002E8CE7 /* Release */ = {
			isa = XCBuildConfiguration;
			buildSettings = {
				ALWAYS_EMBED_SWIFT_STANDARD_LIBRARIES = YES;
				CODE_SIGN_STYLE = Automatic;
				DEVELOPMENT_TEAM = AXBMWZHA47;
				INFOPLIST_FILE = AnimationUITests/Info.plist;
				LD_RUNPATH_SEARCH_PATHS = (
					"$(inherited)",
					"@executable_path/Frameworks",
					"@loader_path/Frameworks",
				);
				PRODUCT_BUNDLE_IDENTIFIER = zhiwei.AnimationUITests;
				PRODUCT_NAME = "$(TARGET_NAME)";
				TARGETED_DEVICE_FAMILY = "1,2";
				TEST_TARGET_NAME = Animation;
			};
			name = Release;
		};
/* End XCBuildConfiguration section */

/* Begin XCConfigurationList section */
		EA5E3A29225AF17B002E8CE7 /* Build configuration list for PBXProject "Animation" */ = {
			isa = XCConfigurationList;
			buildConfigurations = (
				EA5E3A58225AF17D002E8CE7 /* Debug */,
				EA5E3A59225AF17D002E8CE7 /* Release */,
			);
			defaultConfigurationIsVisible = 0;
			defaultConfigurationName = Release;
		};
		EA5E3A5A225AF17D002E8CE7 /* Build configuration list for PBXNativeTarget "Animation" */ = {
			isa = XCConfigurationList;
			buildConfigurations = (
				EA5E3A5B225AF17D002E8CE7 /* Debug */,
				EA5E3A5C225AF17D002E8CE7 /* Release */,
			);
			defaultConfigurationIsVisible = 0;
			defaultConfigurationName = Release;
		};
		EA5E3A5D225AF17D002E8CE7 /* Build configuration list for PBXNativeTarget "AnimationTests" */ = {
			isa = XCConfigurationList;
			buildConfigurations = (
				EA5E3A5E225AF17D002E8CE7 /* Debug */,
				EA5E3A5F225AF17D002E8CE7 /* Release */,
			);
			defaultConfigurationIsVisible = 0;
			defaultConfigurationName = Release;
		};
		EA5E3A60225AF17D002E8CE7 /* Build configuration list for PBXNativeTarget "AnimationUITests" */ = {
			isa = XCConfigurationList;
			buildConfigurations = (
				EA5E3A61225AF17D002E8CE7 /* Debug */,
				EA5E3A62225AF17D002E8CE7 /* Release */,
			);
			defaultConfigurationIsVisible = 0;
			defaultConfigurationName = Release;
		};
/* End XCConfigurationList section */
	};
	rootObject = EA5E3A26225AF17B002E8CE7 /* Project object */;
}
